
Microsoft Visual Studio Solution File, Format Version 12.00
# Visual Studio 15
VisualStudioVersion = 15.0.26430.12
MinimumVisualStudioVersion = 10.0.40219.1
Project("{FAE04EC0-301F-11D3-BF4B-00C04F79EFBC}") = "Bot", "Bot\Bot.csproj", "{17A01678-3EA9-4624-BF3E-F8F15BB9F368}"
EndProject
Project("{FAE04EC0-301F-11D3-BF4B-00C04F79EFBC}") = "CNC", "CNC\CNC.csproj", "{AF142AD2-352E-4F72-93AD-F1504D854D42}"
EndProject
Project("{FAE04EC0-301F-11D3-BF4B-00C04F79EFBC}") = "Victim", "Victim\Victim.csproj", "{8E27AA07-7371-4847-8204-98D8FC07BCC4}"
EndProject
Global
	GlobalSection(SolutionConfigurationPlatforms) = preSolution
		Debug|Any CPU = Debug|Any CPU
		Release|Any CPU = Release|Any CPU
	EndGlobalSection
	GlobalSection(ProjectConfigurationPlatforms) = postSolution
		{17A01678-3EA9-4624-BF3E-F8F15BB9F368}.Debug|Any CPU.ActiveCfg = Debug|Any CPU
		{17A01678-3EA9-4624-BF3E-F8F15BB9F368}.Debug|Any CPU.Build.0 = Debug|Any CPU
		{17A01678-3EA9-4624-BF3E-F8F15BB9F368}.Release|Any CPU.ActiveCfg = Release|Any CPU
		{17A01678-3EA9-4624-BF3E-F8F15BB9F368}.Release|Any CPU.Build.0 = Release|Any CPU
		{AF142AD2-352E-4F72-93AD-F1504D854D42}.Debug|Any CPU.ActiveCfg = Debug|Any CPU
		{AF142AD2-352E-4F72-93AD-F1504D854D42}.Debug|Any CPU.Build.0 = Debug|Any CPU
		{AF142AD2-352E-4F72-93AD-F1504D854D42}.Release|Any CPU.ActiveCfg = Release|Any CPU
		{AF142AD2-352E-4F72-93AD-F1504D854D42}.Release|Any CPU.Build.0 = Release|Any CPU
		{8E27AA07-7371-4847-8204-98D8FC07BCC4}.Debug|Any CPU.ActiveCfg = Debug|Any CPU
		{8E27AA07-7371-4847-8204-98D8FC07BCC4}.Debug|Any CPU.Build.0 = Debug|Any CPU
		{8E27AA07-7371-4847-8204-98D8FC07BCC4}.Release|Any CPU.ActiveCfg = Release|Any CPU
		{8E27AA07-7371-4847-8204-98D8FC07BCC4}.Release|Any CPU.Build.0 = Release|Any CPU
	EndGlobalSection
	GlobalSection(SolutionProperties) = preSolution
		HideSolutionNode = FALSE
	EndGlobalSection
EndGlobal
